
Microsoft Visual Studio Solution File, Format Version 12.00
# Visual Studio 15
VisualStudioVersion = 15.0.28307.136
MinimumVisualStudioVersion = 10.0.40219.1
Project("{9A19103F-16F7-4668-BE54-9A1E7A4F7556}") = "GildedRose", "src\GildedRose\GildedRose.csproj", "{B7C231E4-4E08-429B-958B-12FD2AF746C3}"
EndProject
Project("{9A19103F-16F7-4668-BE54-9A1E7A4F7556}") = "GildedRose.UnitTests", "test\GildedRose.UnitTests\GildedRose.UnitTests.csproj", "{93C51E7F-FF8A-41F2-B463-A5E593A932B7}"
EndProject
Global
	GlobalSection(SolutionConfigurationPlatforms) = preSolution
		Debug|Any CPU = Debug|Any CPU
		Release|Any CPU = Release|Any CPU
	EndGlobalSection
	GlobalSection(ProjectConfigurationPlatforms) = postSolution
		{B7C231E4-4E08-429B-958B-12FD2AF746C3}.Debug|Any CPU.ActiveCfg = Debug|Any CPU
		{B7C231E4-4E08-429B-958B-12FD2AF746C3}.Debug|Any CPU.Build.0 = Debug|Any CPU
		{B7C231E4-4E08-429B-958B-12FD2AF746C3}.Release|Any CPU.ActiveCfg = Release|Any CPU
		{B7C231E4-4E08-429B-958B-12FD2AF746C3}.Release|Any CPU.Build.0 = Release|Any CPU
		{93C51E7F-FF8A-41F2-B463-A5E593A932B7}.Debug|Any CPU.ActiveCfg = Debug|Any CPU
		{93C51E7F-FF8A-41F2-B463-A5E593A932B7}.Debug|Any CPU.Build.0 = Debug|Any CPU
		{93C51E7F-FF8A-41F2-B463-A5E593A932B7}.Release|Any CPU.ActiveCfg = Release|Any CPU
		{93C51E7F-FF8A-41F2-B463-A5E593A932B7}.Release|Any CPU.Build.0 = Release|Any CPU
	EndGlobalSection
	GlobalSection(SolutionProperties) = preSolution
		HideSolutionNode = FALSE
	EndGlobalSection
	GlobalSection(ExtensibilityGlobals) = postSolution
		SolutionGuid = {C9D85AF8-9C5C-4DE9-8BF4-3FED93FBB7D2}
	EndGlobalSection
EndGlobal
